
Microsoft Visual Studio Solution File, Format Version 12.00
# Visual Studio Version 16
VisualStudioVersion = 16.0.29409.12
MinimumVisualStudioVersion = 10.0.40219.1
Project("{9A19103F-16F7-4668-BE54-9A1E7A4F7556}") = "Burger-Customiser-UIL", "Burger-Customiser-UIL.csproj", "{09BAD888-4EFF-432B-BDE5-1D047A63D735}"
EndProject
Project("{FAE04EC0-301F-11D3-BF4B-00C04F79EFBC}") = "Burger-Customiser-DAL", "..\Burger-Customiser-DAL\Burger-Customiser-DAL.csproj", "{921DFD25-CEFB-41D0-8D91-658EE0C522E7}"
EndProject
Project("{FAE04EC0-301F-11D3-BF4B-00C04F79EFBC}") = "Burger-Customiser-BLL", "..\Burger-Customiser-BLL\Burger-Customiser-BLL.csproj", "{AB0AA79C-AE2A-4D9A-A7F4-05889E070D2A}"
EndProject
Global
	GlobalSection(SolutionConfigurationPlatforms) = preSolution
		Debug|Any CPU = Debug|Any CPU
		Release|Any CPU = Release|Any CPU
	EndGlobalSection
	GlobalSection(ProjectConfigurationPlatforms) = postSolution
		{09BAD888-4EFF-432B-BDE5-1D047A63D735}.Debug|Any CPU.ActiveCfg = Debug|Any CPU
		{09BAD888-4EFF-432B-BDE5-1D047A63D735}.Debug|Any CPU.Build.0 = Debug|Any CPU
		{09BAD888-4EFF-432B-BDE5-1D047A63D735}.Release|Any CPU.ActiveCfg = Release|Any CPU
		{09BAD888-4EFF-432B-BDE5-1D047A63D735}.Release|Any CPU.Build.0 = Release|Any CPU
		{921DFD25-CEFB-41D0-8D91-658EE0C522E7}.Debug|Any CPU.ActiveCfg = Debug|Any CPU
		{921DFD25-CEFB-41D0-8D91-658EE0C522E7}.Debug|Any CPU.Build.0 = Debug|Any CPU
		{921DFD25-CEFB-41D0-8D91-658EE0C522E7}.Release|Any CPU.ActiveCfg = Release|Any CPU
		{921DFD25-CEFB-41D0-8D91-658EE0C522E7}.Release|Any CPU.Build.0 = Release|Any CPU
		{AB0AA79C-AE2A-4D9A-A7F4-05889E070D2A}.Debug|Any CPU.ActiveCfg = Debug|Any CPU
		{AB0AA79C-AE2A-4D9A-A7F4-05889E070D2A}.Debug|Any CPU.Build.0 = Debug|Any CPU
		{AB0AA79C-AE2A-4D9A-A7F4-05889E070D2A}.Release|Any CPU.ActiveCfg = Release|Any CPU
		{AB0AA79C-AE2A-4D9A-A7F4-05889E070D2A}.Release|Any CPU.Build.0 = Release|Any CPU
	EndGlobalSection
	GlobalSection(SolutionProperties) = preSolution
		HideSolutionNode = FALSE
	EndGlobalSection
	GlobalSection(ExtensibilityGlobals) = postSolution
		SolutionGuid = {B6D340A6-764B-4B71-AAC2-B46E7541302F}
	EndGlobalSection
EndGlobal
